
Microsoft Visual Studio Solution File, Format Version 12.00
# Visual Studio 2012
Project("{8BC9CEB8-8B4A-11D0-8D11-00A0C91BC942}") = "launchMyKernel", "launchMyKernel\launchMyKernel.vcxproj", "{3C3CA5CE-BA56-4A83-8BD0-92A6410D8540}"
EndProject
Global
	GlobalSection(SolutionConfigurationPlatforms) = preSolution
		Debug|x64 = Debug|x64
		Release|x64 = Release|x64
	EndGlobalSection
	GlobalSection(ProjectConfigurationPlatforms) = postSolution
		{3C3CA5CE-BA56-4A83-8BD0-92A6410D8540}.Debug|x64.ActiveCfg = Debug|x64
		{3C3CA5CE-BA56-4A83-8BD0-92A6410D8540}.Debug|x64.Build.0 = Debug|x64
		{3C3CA5CE-BA56-4A83-8BD0-92A6410D8540}.Release|x64.ActiveCfg = Release|x64
		{3C3CA5CE-BA56-4A83-8BD0-92A6410D8540}.Release|x64.Build.0 = Release|x64
	EndGlobalSection
	GlobalSection(SolutionProperties) = preSolution
		HideSolutionNode = FALSE
	EndGlobalSection
EndGlobal
